
Microsoft Visual Studio Solution File, Format Version 12.00
# Visual Studio Version 17
VisualStudioVersion = 17.14.36414.22 d17.14
MinimumVisualStudioVersion = 10.0.40219.1
Project("{FAE04EC0-301F-11D3-BF4B-00C04F79EFBC}") = "Auto_Mapper", "Auto_Mapper\Auto_Mapper.csproj", "{EAFC1105-8B76-4929-8047-7A257D52813D}"
EndProject
Global
	GlobalSection(SolutionConfigurationPlatforms) = preSolution
		Debug|Any CPU = Debug|Any CPU
		Release|Any CPU = Release|Any CPU
	EndGlobalSection
	GlobalSection(ProjectConfigurationPlatforms) = postSolution
		{EAFC1105-8B76-4929-8047-7A257D52813D}.Debug|Any CPU.ActiveCfg = Debug|Any CPU
		{EAFC1105-8B76-4929-8047-7A257D52813D}.Debug|Any CPU.Build.0 = Debug|Any CPU
		{EAFC1105-8B76-4929-8047-7A257D52813D}.Release|Any CPU.ActiveCfg = Release|Any CPU
		{EAFC1105-8B76-4929-8047-7A257D52813D}.Release|Any CPU.Build.0 = Release|Any CPU
	EndGlobalSection
	GlobalSection(SolutionProperties) = preSolution
		HideSolutionNode = FALSE
	EndGlobalSection
	GlobalSection(ExtensibilityGlobals) = postSolution
		SolutionGuid = {D2485A55-BC60-4BA9-82E6-A4A154043685}
	EndGlobalSection
EndGlobal
